
Microsoft Visual Studio Solution File, Format Version 12.00
# Visual Studio Version 16
VisualStudioVersion = 16.0.29728.190
MinimumVisualStudioVersion = 10.0.40219.1
Project("{9A19103F-16F7-4668-BE54-9A1E7A4F7556}") = "OxiFin.Api", "OxiFin\OxiFin.Api\OxiFin.Api.csproj", "{41350933-083E-4CC5-9928-3B570CE19F67}"
EndProject
Project("{9A19103F-16F7-4668-BE54-9A1E7A4F7556}") = "OxiFin.Domain", "OxiFin\OxiFin.Domain\OxiFin.Domain.csproj", "{7367F0CC-A536-448B-8854-25A1AEF6D9DB}"
EndProject
Project("{9A19103F-16F7-4668-BE54-9A1E7A4F7556}") = "OxiFin.Application", "OxiFin\OxiFin.Application\OxiFin.Application.csproj", "{A45BB8CB-7E54-4FE0-8E5C-68F16CD204A8}"
EndProject
Project("{9A19103F-16F7-4668-BE54-9A1E7A4F7556}") = "OxiFin.Bootstrap", "OxiFin\OxiFin.Bootstrap\OxiFin.Bootstrap.csproj", "{350A5F9D-12C8-49A4-B621-4F77BD7DE726}"
EndProject
Project("{9A19103F-16F7-4668-BE54-9A1E7A4F7556}") = "OxiFin.Business", "OxiFin\OxiFin.Business\OxiFin.Business.csproj", "{7870013C-F3B8-43D4-95C8-06A506540D03}"
EndProject
Project("{9A19103F-16F7-4668-BE54-9A1E7A4F7556}") = "OxiFin.Common", "OxiFin\OxiFin.Common\OxiFin.Common.csproj", "{FD1E8701-3B9A-4FE5-86C8-7989317B4812}"
EndProject
Project("{9A19103F-16F7-4668-BE54-9A1E7A4F7556}") = "OxiFin.Data", "OxiFin\OxiFin.Data\OxiFin.Data.csproj", "{FF4430CF-4478-4BF3-AA0F-4E602FE3F5E5}"
EndProject
Project("{9A19103F-16F7-4668-BE54-9A1E7A4F7556}") = "OxiFin.DI", "OxiFin\OxiFin.DI\OxiFin.DI.csproj", "{CF7245AF-E136-45BC-B028-7CA711C06F47}"
EndProject
Project("{9A19103F-16F7-4668-BE54-9A1E7A4F7556}") = "OxiFin.Mapping", "OxiFin\OxiFin.Mapping\OxiFin.Mapping.csproj", "{74D88E6D-01AB-4963-ADC0-FB580F96FED4}"
EndProject
Project("{9A19103F-16F7-4668-BE54-9A1E7A4F7556}") = "OxiFin.ViewModels", "OxiFin\OxiFin.ViewModels\OxiFin.ViewModels.csproj", "{36030B87-A1A9-4B9B-8396-6E6E979E83B0}"
EndProject
Project("{2150E333-8FDC-42A3-9474-1A3956D46DE8}") = "Presentation", "Presentation", "{EC2CF07E-F79C-48AB-808E-7300FCCEE656}"
EndProject
Project("{2150E333-8FDC-42A3-9474-1A3956D46DE8}") = "Infra", "Infra", "{F77C9751-E783-49E3-94CD-BB71294DC7D7}"
EndProject
Project("{2150E333-8FDC-42A3-9474-1A3956D46DE8}") = "Tests", "Tests", "{6C128DE9-56A1-4EA4-8DEE-0A1D9AAB8192}"
EndProject
Project("{9A19103F-16F7-4668-BE54-9A1E7A4F7556}") = "OxiFin.AppTest", "OxiFin.AppTest\OxiFin.AppTest.csproj", "{06915EDA-F2D6-415E-8424-B86DC1339E93}"
EndProject
Project("{FAE04EC0-301F-11D3-BF4B-00C04F79EFBC}") = "OxiFin.Auth", "OxiFin.Auth\OxiFin.Auth.csproj", "{1AC7D04D-7BCE-494C-BA87-FA980EE919D3}"
EndProject
Global
	GlobalSection(SolutionConfigurationPlatforms) = preSolution
		Debug|Any CPU = Debug|Any CPU
		Release|Any CPU = Release|Any CPU
	EndGlobalSection
	GlobalSection(ProjectConfigurationPlatforms) = postSolution
		{41350933-083E-4CC5-9928-3B570CE19F67}.Debug|Any CPU.ActiveCfg = Debug|Any CPU
		{41350933-083E-4CC5-9928-3B570CE19F67}.Debug|Any CPU.Build.0 = Debug|Any CPU
		{41350933-083E-4CC5-9928-3B570CE19F67}.Release|Any CPU.ActiveCfg = Release|Any CPU
		{41350933-083E-4CC5-9928-3B570CE19F67}.Release|Any CPU.Build.0 = Release|Any CPU
		{7367F0CC-A536-448B-8854-25A1AEF6D9DB}.Debug|Any CPU.ActiveCfg = Debug|Any CPU
		{7367F0CC-A536-448B-8854-25A1AEF6D9DB}.Debug|Any CPU.Build.0 = Debug|Any CPU
		{7367F0CC-A536-448B-8854-25A1AEF6D9DB}.Release|Any CPU.ActiveCfg = Release|Any CPU
		{7367F0CC-A536-448B-8854-25A1AEF6D9DB}.Release|Any CPU.Build.0 = Release|Any CPU
		{A45BB8CB-7E54-4FE0-8E5C-68F16CD204A8}.Debug|Any CPU.ActiveCfg = Debug|Any CPU
		{A45BB8CB-7E54-4FE0-8E5C-68F16CD204A8}.Debug|Any CPU.Build.0 = Debug|Any CPU
		{A45BB8CB-7E54-4FE0-8E5C-68F16CD204A8}.Release|Any CPU.ActiveCfg = Release|Any CPU
		{A45BB8CB-7E54-4FE0-8E5C-68F16CD204A8}.Release|Any CPU.Build.0 = Release|Any CPU
		{350A5F9D-12C8-49A4-B621-4F77BD7DE726}.Debug|Any CPU.ActiveCfg = Debug|Any CPU
		{350A5F9D-12C8-49A4-B621-4F77BD7DE726}.Debug|Any CPU.Build.0 = Debug|Any CPU
		{350A5F9D-12C8-49A4-B621-4F77BD7DE726}.Release|Any CPU.ActiveCfg = Release|Any CPU
		{350A5F9D-12C8-49A4-B621-4F77BD7DE726}.Release|Any CPU.Build.0 = Release|Any CPU
		{7870013C-F3B8-43D4-95C8-06A506540D03}.Debug|Any CPU.ActiveCfg = Debug|Any CPU
		{7870013C-F3B8-43D4-95C8-06A506540D03}.Debug|Any CPU.Build.0 = Debug|Any CPU
		{7870013C-F3B8-43D4-95C8-06A506540D03}.Release|Any CPU.ActiveCfg = Release|Any CPU
		{7870013C-F3B8-43D4-95C8-06A506540D03}.Release|Any CPU.Build.0 = Release|Any CPU
		{FD1E8701-3B9A-4FE5-86C8-7989317B4812}.Debug|Any CPU.ActiveCfg = Debug|Any CPU
		{FD1E8701-3B9A-4FE5-86C8-7989317B4812}.Debug|Any CPU.Build.0 = Debug|Any CPU
		{FD1E8701-3B9A-4FE5-86C8-7989317B4812}.Release|Any CPU.ActiveCfg = Release|Any CPU
		{FD1E8701-3B9A-4FE5-86C8-7989317B4812}.Release|Any CPU.Build.0 = Release|Any CPU
		{FF4430CF-4478-4BF3-AA0F-4E602FE3F5E5}.Debug|Any CPU.ActiveCfg = Debug|Any CPU
		{FF4430CF-4478-4BF3-AA0F-4E602FE3F5E5}.Debug|Any CPU.Build.0 = Debug|Any CPU
		{FF4430CF-4478-4BF3-AA0F-4E602FE3F5E5}.Release|Any CPU.ActiveCfg = Release|Any CPU
		{FF4430CF-4478-4BF3-AA0F-4E602FE3F5E5}.Release|Any CPU.Build.0 = Release|Any CPU
		{CF7245AF-E136-45BC-B028-7CA711C06F47}.Debug|Any CPU.ActiveCfg = Debug|Any CPU
		{CF7245AF-E136-45BC-B028-7CA711C06F47}.Debug|Any CPU.Build.0 = Debug|Any CPU
		{CF7245AF-E136-45BC-B028-7CA711C06F47}.Release|Any CPU.ActiveCfg = Release|Any CPU
		{CF7245AF-E136-45BC-B028-7CA711C06F47}.Release|Any CPU.Build.0 = Release|Any CPU
		{74D88E6D-01AB-4963-ADC0-FB580F96FED4}.Debug|Any CPU.ActiveCfg = Debug|Any CPU
		{74D88E6D-01AB-4963-ADC0-FB580F96FED4}.Debug|Any CPU.Build.0 = Debug|Any CPU
		{74D88E6D-01AB-4963-ADC0-FB580F96FED4}.Release|Any CPU.ActiveCfg = Release|Any CPU
		{74D88E6D-01AB-4963-ADC0-FB580F96FED4}.Release|Any CPU.Build.0 = Release|Any CPU
		{36030B87-A1A9-4B9B-8396-6E6E979E83B0}.Debug|Any CPU.ActiveCfg = Debug|Any CPU
		{36030B87-A1A9-4B9B-8396-6E6E979E83B0}.Debug|Any CPU.Build.0 = Debug|Any CPU
		{36030B87-A1A9-4B9B-8396-6E6E979E83B0}.Release|Any CPU.ActiveCfg = Release|Any CPU
		{36030B87-A1A9-4B9B-8396-6E6E979E83B0}.Release|Any CPU.Build.0 = Release|Any CPU
		{06915EDA-F2D6-415E-8424-B86DC1339E93}.Debug|Any CPU.ActiveCfg = Debug|Any CPU
		{06915EDA-F2D6-415E-8424-B86DC1339E93}.Debug|Any CPU.Build.0 = Debug|Any CPU
		{06915EDA-F2D6-415E-8424-B86DC1339E93}.Release|Any CPU.ActiveCfg = Release|Any CPU
		{06915EDA-F2D6-415E-8424-B86DC1339E93}.Release|Any CPU.Build.0 = Release|Any CPU
		{1AC7D04D-7BCE-494C-BA87-FA980EE919D3}.Debug|Any CPU.ActiveCfg = Debug|Any CPU
		{1AC7D04D-7BCE-494C-BA87-FA980EE919D3}.Debug|Any CPU.Build.0 = Debug|Any CPU
		{1AC7D04D-7BCE-494C-BA87-FA980EE919D3}.Release|Any CPU.ActiveCfg = Release|Any CPU
		{1AC7D04D-7BCE-494C-BA87-FA980EE919D3}.Release|Any CPU.Build.0 = Release|Any CPU
	EndGlobalSection
	GlobalSection(SolutionProperties) = preSolution
		HideSolutionNode = FALSE
	EndGlobalSection
	GlobalSection(NestedProjects) = preSolution
		{41350933-083E-4CC5-9928-3B570CE19F67} = {EC2CF07E-F79C-48AB-808E-7300FCCEE656}
		{A45BB8CB-7E54-4FE0-8E5C-68F16CD204A8} = {EC2CF07E-F79C-48AB-808E-7300FCCEE656}
		{350A5F9D-12C8-49A4-B621-4F77BD7DE726} = {F77C9751-E783-49E3-94CD-BB71294DC7D7}
		{FF4430CF-4478-4BF3-AA0F-4E602FE3F5E5} = {F77C9751-E783-49E3-94CD-BB71294DC7D7}
		{CF7245AF-E136-45BC-B028-7CA711C06F47} = {F77C9751-E783-49E3-94CD-BB71294DC7D7}
		{74D88E6D-01AB-4963-ADC0-FB580F96FED4} = {EC2CF07E-F79C-48AB-808E-7300FCCEE656}
		{36030B87-A1A9-4B9B-8396-6E6E979E83B0} = {EC2CF07E-F79C-48AB-808E-7300FCCEE656}
		{06915EDA-F2D6-415E-8424-B86DC1339E93} = {6C128DE9-56A1-4EA4-8DEE-0A1D9AAB8192}
		{1AC7D04D-7BCE-494C-BA87-FA980EE919D3} = {EC2CF07E-F79C-48AB-808E-7300FCCEE656}
	EndGlobalSection
	GlobalSection(ExtensibilityGlobals) = postSolution
		SolutionGuid = {837C5982-5CA6-4F92-9B02-4EFD6C11200C}
	EndGlobalSection
EndGlobal
